
Microsoft Visual Studio Solution File, Format Version 12.00
# Visual Studio Version 16
VisualStudioVersion = 16.0.29806.167
MinimumVisualStudioVersion = 10.0.40219.1
Project("{FAE04EC0-301F-11D3-BF4B-00C04F79EFBC}") = "TodoApp.Api", "TodoApp.Api\TodoApp.Api.csproj", "{C03A5B98-4FB8-4408-B740-4EE341E3024A}"
EndProject
Global
	GlobalSection(SolutionConfigurationPlatforms) = preSolution
		Debug|Any CPU = Debug|Any CPU
		Release|Any CPU = Release|Any CPU
	EndGlobalSection
	GlobalSection(ProjectConfigurationPlatforms) = postSolution
		{C03A5B98-4FB8-4408-B740-4EE341E3024A}.Debug|Any CPU.ActiveCfg = Debug|Any CPU
		{C03A5B98-4FB8-4408-B740-4EE341E3024A}.Debug|Any CPU.Build.0 = Debug|Any CPU
		{C03A5B98-4FB8-4408-B740-4EE341E3024A}.Release|Any CPU.ActiveCfg = Release|Any CPU
		{C03A5B98-4FB8-4408-B740-4EE341E3024A}.Release|Any CPU.Build.0 = Release|Any CPU
	EndGlobalSection
	GlobalSection(SolutionProperties) = preSolution
		HideSolutionNode = FALSE
	EndGlobalSection
	GlobalSection(ExtensibilityGlobals) = postSolution
		SolutionGuid = {87ED4B92-6987-4D8D-A1D2-424FD7D26373}
	EndGlobalSection
EndGlobal
